// !$*UTF8*$!
{
	archiveVersion = 1;
	classes = {
	};
	objectVersion = 50;
	objects = {

/* Begin PBXBuildFile section */
		CD05A8F726DCA67200723C64 /* NoteView.swift in Sources */ = {isa = PBXBuildFile; fileRef = CD05A8F626DCA67200723C64 /* NoteView.swift */; };
		CD05A8F926DCA80E00723C64 /* NoteViewModel.swift in Sources */ = {isa = PBXBuildFile; fileRef = CD05A8F826DCA80E00723C64 /* NoteViewModel.swift */; };
		CDAADC4E26DB40A000774C44 /* TodoListApp.swift in Sources */ = {isa = PBXBuildFile; fileRef = CDAADC4D26DB40A000774C44 /* TodoListApp.swift */; };
		CDAADC5026DB40A000774C44 /* ContentView.swift in Sources */ = {isa = PBXBuildFile; fileRef = CDAADC4F26DB40A000774C44 /* ContentView.swift */; };
		CDAADC5226DB40A200774C44 /* Assets.xcassets in Resources */ = {isa = PBXBuildFile; fileRef = CDAADC5126DB40A200774C44 /* Assets.xcassets */; };
		CDAADC5526DB40A200774C44 /* Preview Assets.xcassets in Resources */ = {isa = PBXBuildFile; fileRef = CDAADC5426DB40A200774C44 /* Preview Assets.xcassets */; };
		CDAADC6226DB418600774C44 /* TodoList.xcdatamodeld in Sources */ = {isa = PBXBuildFile; fileRef = CDAADC6026DB418600774C44 /* TodoList.xcdatamodeld */; };
		CDAADC6426DB443100774C44 /* CoreDataManger.swift in Sources */ = {isa = PBXBuildFile; fileRef = CDAADC6326DB443100774C44 /* CoreDataManger.swift */; };
		CDAADC6626DB470800774C44 /* TodoListViewModel.swift in Sources */ = {isa = PBXBuildFile; fileRef = CDAADC6526DB470800774C44 /* TodoListViewModel.swift */; };
		CDAADC6826DB48AC00774C44 /* Task+Extensions.swift in Sources */ = {isa = PBXBuildFile; fileRef = CDAADC6726DB48AC00774C44 /* Task+Extensions.swift */; };
		CDAADC6C26DC476700774C44 /* CloudKit.framework in Frameworks */ = {isa = PBXBuildFile; fileRef = CDAADC6B26DC476700774C44 /* CloudKit.framework */; };
/* End PBXBuildFile section */

/* Begin PBXFileReference section */
		CD05A8F626DCA67200723C64 /* NoteView.swift */ = {isa = PBXFileReference; lastKnownFileType = sourcecode.swift; path = NoteView.swift; sourceTree = "<group>"; };
		CD05A8F826DCA80E00723C64 /* NoteViewModel.swift */ = {isa = PBXFileReference; lastKnownFileType = sourcecode.swift; path = NoteViewModel.swift; sourceTree = "<group>"; };
		CDAADC4A26DB40A000774C44 /* TodoList.app */ = {isa = PBXFileReference; explicitFileType = wrapper.application; includeInIndex = 0; path = TodoList.app; sourceTree = BUILT_PRODUCTS_DIR; };
		CDAADC4D26DB40A000774C44 /* TodoListApp.swift */ = {isa = PBXFileReference; lastKnownFileType = sourcecode.swift; path = TodoListApp.swift; sourceTree = "<group>"; };
		CDAADC4F26DB40A000774C44 /* ContentView.swift */ = {isa = PBXFileReference; lastKnownFileType = sourcecode.swift; path = ContentView.swift; sourceTree = "<group>"; };
		CDAADC5126DB40A200774C44 /* Assets.xcassets */ = {isa = PBXFileReference; lastKnownFileType = folder.assetcatalog; path = Assets.xcassets; sourceTree = "<group>"; };
		CDAADC5426DB40A200774C44 /* Preview Assets.xcassets */ = {isa = PBXFileReference; lastKnownFileType = folder.assetcatalog; path = "Preview Assets.xcassets"; sourceTree = "<group>"; };
		CDAADC5626DB40A200774C44 /* Info.plist */ = {isa = PBXFileReference; lastKnownFileType = text.plist.xml; path = Info.plist; sourceTree = "<group>"; };
		CDAADC6126DB418600774C44 /* TodoList.xcdatamodel */ = {isa = PBXFileReference; lastKnownFileType = wrapper.xcdatamodel; path = TodoList.xcdatamodel; sourceTree = "<group>"; };
		CDAADC6326DB443100774C44 /* CoreDataManger.swift */ = {isa = PBXFileReference; lastKnownFileType = sourcecode.swift; path = CoreDataManger.swift; sourceTree = "<group>"; };
		CDAADC6526DB470800774C44 /* TodoListViewModel.swift */ = {isa = PBXFileReference; lastKnownFileType = sourcecode.swift; path = TodoListViewModel.swift; sourceTree = "<group>"; };
		CDAADC6726DB48AC00774C44 /* Task+Extensions.swift */ = {isa = PBXFileReference; lastKnownFileType = sourcecode.swift; path = "Task+Extensions.swift"; sourceTree = "<group>"; };
		CDAADC6926DC476000774C44 /* TodoList.entitlements */ = {isa = PBXFileReference; lastKnownFileType = text.plist.entitlements; path = TodoList.entitlements; sourceTree = "<group>"; };
		CDAADC6B26DC476700774C44 /* CloudKit.framework */ = {isa = PBXFileReference; lastKnownFileType = wrapper.framework; name = CloudKit.framework; path = System/Library/Frameworks/CloudKit.framework; sourceTree = SDKROOT; };
/* End PBXFileReference section */

/* Begin PBXFrameworksBuildPhase section */
		CDAADC4726DB40A000774C44 /* Frameworks */ = {
			isa = PBXFrameworksBuildPhase;
			buildActionMask = 2147483647;
			files = (
				CDAADC6C26DC476700774C44 /* CloudKit.framework in Frameworks */,
			);
			runOnlyForDeploymentPostprocessing = 0;
		};
/* End PBXFrameworksBuildPhase section */

/* Begin PBXGroup section */
		CDAADC4126DB40A000774C44 = {
			isa = PBXGroup;
			children = (
				CDAADC4C26DB40A000774C44 /* TodoList */,
				CDAADC4B26DB40A000774C44 /* Products */,
				CDAADC6A26DC476700774C44 /* Frameworks */,
			);
			sourceTree = "<group>";
		};
		CDAADC4B26DB40A000774C44 /* Products */ = {
			isa = PBXGroup;
			children = (
				CDAADC4A26DB40A000774C44 /* TodoList.app */,
			);
			name = Products;
			sourceTree = "<group>";
		};
		CDAADC4C26DB40A000774C44 /* TodoList */ = {
			isa = PBXGroup;
			children = (
				CDAADC6926DC476000774C44 /* TodoList.entitlements */,
				CDAADC4D26DB40A000774C44 /* TodoListApp.swift */,
				CDAADC5C26DB414900774C44 /* Views */,
				CDAADC5E26DB415700774C44 /* ViewModels */,
				CDAADC5D26DB415000774C44 /* Models */,
				CDAADC5F26DB416300774C44 /* CoreData */,
				CDAADC5126DB40A200774C44 /* Assets.xcassets */,
				CDAADC5626DB40A200774C44 /* Info.plist */,
				CDAADC5326DB40A200774C44 /* Preview Content */,
			);
			path = TodoList;
			sourceTree = "<group>";
		};
		CDAADC5326DB40A200774C44 /* Preview Content */ = {
			isa = PBXGroup;
			children = (
				CDAADC5426DB40A200774C44 /* Preview Assets.xcassets */,
			);
			path = "Preview Content";
			sourceTree = "<group>";
		};
		CDAADC5C26DB414900774C44 /* Views */ = {
			isa = PBXGroup;
			children = (
				CDAADC4F26DB40A000774C44 /* ContentView.swift */,
				CD05A8F626DCA67200723C64 /* NoteView.swift */,
			);
			path = Views;
			sourceTree = "<group>";
		};
		CDAADC5D26DB415000774C44 /* Models */ = {
			isa = PBXGroup;
			children = (
			);
			path = Models;
			sourceTree = "<group>";
		};
		CDAADC5E26DB415700774C44 /* ViewModels */ = {
			isa = PBXGroup;
			children = (
				CDAADC6526DB470800774C44 /* TodoListViewModel.swift */,
				CD05A8F826DCA80E00723C64 /* NoteViewModel.swift */,
			);
			path = ViewModels;
			sourceTree = "<group>";
		};
		CDAADC5F26DB416300774C44 /* CoreData */ = {
			isa = PBXGroup;
			children = (
				CDAADC6026DB418600774C44 /* TodoList.xcdatamodeld */,
				CDAADC6326DB443100774C44 /* CoreDataManger.swift */,
				CDAADC6726DB48AC00774C44 /* Task+Extensions.swift */,
			);
			path = CoreData;
			sourceTree = "<group>";
		};
		CDAADC6A26DC476700774C44 /* Frameworks */ = {
			isa = PBXGroup;
			children = (
				CDAADC6B26DC476700774C44 /* CloudKit.framework */,
			);
			name = Frameworks;
			sourceTree = "<group>";
		};
/* End PBXGroup section */

/* Begin PBXNativeTarget section */
		CDAADC4926DB40A000774C44 /* TodoList */ = {
			isa = PBXNativeTarget;
			buildConfigurationList = CDAADC5926DB40A200774C44 /* Build configuration list for PBXNativeTarget "TodoList" */;
			buildPhases = (
				CDAADC4626DB40A000774C44 /* Sources */,
				CDAADC4726DB40A000774C44 /* Frameworks */,
				CDAADC4826DB40A000774C44 /* Resources */,
			);
			buildRules = (
			);
			dependencies = (
			);
			name = TodoList;
			productName = TodoList;
			productReference = CDAADC4A26DB40A000774C44 /* TodoList.app */;
			productType = "com.apple.product-type.application";
		};
/* End PBXNativeTarget section */

/* Begin PBXProject section */
		CDAADC4226DB40A000774C44 /* Project object */ = {
			isa = PBXProject;
			attributes = {
				LastSwiftUpdateCheck = 1250;
				LastUpgradeCheck = 1250;
				TargetAttributes = {
					CDAADC4926DB40A000774C44 = {
						CreatedOnToolsVersion = 12.5.1;
					};
				};
			};
			buildConfigurationList = CDAADC4526DB40A000774C44 /* Build configuration list for PBXProject "TodoList" */;
			compatibilityVersion = "Xcode 9.3";
			developmentRegion = en;
			hasScannedForEncodings = 0;
			knownRegions = (
				en,
				Base,
			);
			mainGroup = CDAADC4126DB40A000774C44;
			productRefGroup = CDAADC4B26DB40A000774C44 /* Products */;
			projectDirPath = "";
			projectRoot = "";
			targets = (
				CDAADC4926DB40A000774C44 /* TodoList */,
			);
		};
/* End PBXProject section */

/* Begin PBXResourcesBuildPhase section */
		CDAADC4826DB40A000774C44 /* Resources */ = {
			isa = PBXResourcesBuildPhase;
			buildActionMask = 2147483647;
			files = (
				CDAADC5526DB40A200774C44 /* Preview Assets.xcassets in Resources */,
				CDAADC5226DB40A200774C44 /* Assets.xcassets in Resources */,
			);
			runOnlyForDeploymentPostprocessing = 0;
		};
/* End PBXResourcesBuildPhase section */

/* Begin PBXSourcesBuildPhase section */
		CDAADC4626DB40A000774C44 /* Sources */ = {
			isa = PBXSourcesBuildPhase;
			buildActionMask = 2147483647;
			files = (
				CD05A8F926DCA80E00723C64 /* NoteViewModel.swift in Sources */,
				CDAADC6426DB443100774C44 /* CoreDataManger.swift in Sources */,
				CDAADC5026DB40A000774C44 /* ContentView.swift in Sources */,
				CDAADC4E26DB40A000774C44 /* TodoListApp.swift in Sources */,
				CDAADC6226DB418600774C44 /* TodoList.xcdatamodeld in Sources */,
				CDAADC6826DB48AC00774C44 /* Task+Extensions.swift in Sources */,
				CD05A8F726DCA67200723C64 /* NoteView.swift in Sources */,
				CDAADC6626DB470800774C44 /* TodoListViewModel.swift in Sources */,
			);
			runOnlyForDeploymentPostprocessing = 0;
		};
/* End PBXSourcesBuildPhase section */

/* Begin XCBuildConfiguration section */
		CDAADC5726DB40A200774C44 /* Debug */ = {
			isa = XCBuildConfiguration;
			buildSettings = {
				ALWAYS_SEARCH_USER_PATHS = NO;
				CLANG_ANALYZER_NONNULL = YES;
				CLANG_ANALYZER_NUMBER_OBJECT_CONVERSION = YES_AGGRESSIVE;
				CLANG_CXX_LANGUAGE_STANDARD = "gnu++14";
				CLANG_CXX_LIBRARY = "libc++";
				CLANG_ENABLE_MODULES = YES;
				CLANG_ENABLE_OBJC_ARC = YES;
				CLANG_ENABLE_OBJC_WEAK = YES;
				CLANG_WARN_BLOCK_CAPTURE_AUTORELEASING = YES;
				CLANG_WARN_BOOL_CONVERSION = YES;
				CLANG_WARN_COMMA = YES;
				CLANG_WARN_CONSTANT_CONVERSION = YES;
				CLANG_WARN_DEPRECATED_OBJC_IMPLEMENTATIONS = YES;
				CLANG_WARN_DIRECT_OBJC_ISA_USAGE = YES_ERROR;
				CLANG_WARN_DOCUMENTATION_COMMENTS = YES;
				CLANG_WARN_EMPTY_BODY = YES;
				CLANG_WARN_ENUM_CONVERSION = YES;
				CLANG_WARN_INFINITE_RECURSION = YES;
				CLANG_WARN_INT_CONVERSION = YES;
				CLANG_WARN_NON_LITERAL_NULL_CONVERSION = YES;
				CLANG_WARN_OBJC_IMPLICIT_RETAIN_SELF = YES;
				CLANG_WARN_OBJC_LITERAL_CONVERSION = YES;
				CLANG_WARN_OBJC_ROOT_CLASS = YES_ERROR;
				CLANG_WARN_QUOTED_INCLUDE_IN_FRAMEWORK_HEADER = YES;
				CLANG_WARN_RANGE_LOOP_ANALYSIS = YES;
				CLANG_WARN_STRICT_PROTOTYPES = YES;
				CLANG_WARN_SUSPICIOUS_MOVE = YES;
				CLANG_WARN_UNGUARDED_AVAILABILITY = YES_AGGRESSIVE;
				CLANG_WARN_UNREACHABLE_CODE = YES;
				CLANG_WARN__DUPLICATE_METHOD_MATCH = YES;
				COPY_PHASE_STRIP = NO;
				DEBUG_INFORMATION_FORMAT = dwarf;
				ENABLE_STRICT_OBJC_MSGSEND = YES;
				ENABLE_TESTABILITY = YES;
				GCC_C_LANGUAGE_STANDARD = gnu11;
				GCC_DYNAMIC_NO_PIC = NO;
				GCC_NO_COMMON_BLOCKS = YES;
				GCC_OPTIMIZATION_LEVEL = 0;
				GCC_PREPROCESSOR_DEFINITIONS = (
					"DEBUG=1",
					"$(inherited)",
				);
				GCC_WARN_64_TO_32_BIT_CONVERSION = YES;
				GCC_WARN_ABOUT_RETURN_TYPE = YES_ERROR;
				GCC_WARN_UNDECLARED_SELECTOR = YES;
				GCC_WARN_UNINITIALIZED_AUTOS = YES_AGGRESSIVE;
				GCC_WARN_UNUSED_FUNCTION = YES;
				GCC_WARN_UNUSED_VARIABLE = YES;
				IPHONEOS_DEPLOYMENT_TARGET = 14.5;
				MTL_ENABLE_DEBUG_INFO = INCLUDE_SOURCE;
				MTL_FAST_MATH = YES;
				ONLY_ACTIVE_ARCH = YES;
				SDKROOT = iphoneos;
				SWIFT_ACTIVE_COMPILATION_CONDITIONS = DEBUG;
				SWIFT_OPTIMIZATION_LEVEL = "-Onone";
			};
			name = Debug;
		};
		CDAADC5826DB40A200774C44 /* Release */ = {
			isa = XCBuildConfiguration;
			buildSettings = {
				ALWAYS_SEARCH_USER_PATHS = NO;
				CLANG_ANALYZER_NONNULL = YES;
				CLANG_ANALYZER_NUMBER_OBJECT_CONVERSION = YES_AGGRESSIVE;
				CLANG_CXX_LANGUAGE_STANDARD = "gnu++14";
				CLANG_CXX_LIBRARY = "libc++";
				CLANG_ENABLE_MODULES = YES;
				CLANG_ENABLE_OBJC_ARC = YES;
				CLANG_ENABLE_OBJC_WEAK = YES;
				CLANG_WARN_BLOCK_CAPTURE_AUTORELEASING = YES;
				CLANG_WARN_BOOL_CONVERSION = YES;
				CLANG_WARN_COMMA = YES;
				CLANG_WARN_CONSTANT_CONVERSION = YES;
				CLANG_WARN_DEPRECATED_OBJC_IMPLEMENTATIONS = YES;
				CLANG_WARN_DIRECT_OBJC_ISA_USAGE = YES_ERROR;
				CLANG_WARN_DOCUMENTATION_COMMENTS = YES;
				CLANG_WARN_EMPTY_BODY = YES;
				CLANG_WARN_ENUM_CONVERSION = YES;
				CLANG_WARN_INFINITE_RECURSION = YES;
				CLANG_WARN_INT_CONVERSION = YES;
				CLANG_WARN_NON_LITERAL_NULL_CONVERSION = YES;
				CLANG_WARN_OBJC_IMPLICIT_RETAIN_SELF = YES;
				CLANG_WARN_OBJC_LITERAL_CONVERSION = YES;
				CLANG_WARN_OBJC_ROOT_CLASS = YES_ERROR;
				CLANG_WARN_QUOTED_INCLUDE_IN_FRAMEWORK_HEADER = YES;
				CLANG_WARN_RANGE_LOOP_ANALYSIS = YES;
				CLANG_WARN_STRICT_PROTOTYPES = YES;
				CLANG_WARN_SUSPICIOUS_MOVE = YES;
				CLANG_WARN_UNGUARDED_AVAILABILITY = YES_AGGRESSIVE;
				CLANG_WARN_UNREACHABLE_CODE = YES;
				CLANG_WARN__DUPLICATE_METHOD_MATCH = YES;
				COPY_PHASE_STRIP = NO;
				DEBUG_INFORMATION_FORMAT = "dwarf-with-dsym";
				ENABLE_NS_ASSERTIONS = NO;
				ENABLE_STRICT_OBJC_MSGSEND = YES;
				GCC_C_LANGUAGE_STANDARD = gnu11;
				GCC_NO_COMMON_BLOCKS = YES;
				GCC_WARN_64_TO_32_BIT_CONVERSION = YES;
				GCC_WARN_ABOUT_RETURN_TYPE = YES_ERROR;
				GCC_WARN_UNDECLARED_SELECTOR = YES;
				GCC_WARN_UNINITIALIZED_AUTOS = YES_AGGRESSIVE;
				GCC_WARN_UNUSED_FUNCTION = YES;
				GCC_WARN_UNUSED_VARIABLE = YES;
				IPHONEOS_DEPLOYMENT_TARGET = 14.5;
				MTL_ENABLE_DEBUG_INFO = NO;
				MTL_FAST_MATH = YES;
				SDKROOT = iphoneos;
				SWIFT_COMPILATION_MODE = wholemodule;
				SWIFT_OPTIMIZATION_LEVEL = "-O";
				VALIDATE_PRODUCT = YES;
			};
			name = Release;
		};
		CDAADC5A26DB40A200774C44 /* Debug */ = {
			isa = XCBuildConfiguration;
			buildSettings = {
				ASSETCATALOG_COMPILER_APPICON_NAME = AppIcon;
				ASSETCATALOG_COMPILER_GLOBAL_ACCENT_COLOR_NAME = AccentColor;
				CODE_SIGN_ENTITLEMENTS = TodoList/TodoList.entitlements;
				CODE_SIGN_STYLE = Automatic;
				DEVELOPMENT_ASSET_PATHS = "\"TodoList/Preview Content\"";
				DEVELOPMENT_TEAM = 693P93E2N6;
				ENABLE_PREVIEWS = YES;
				INFOPLIST_FILE = TodoList/Info.plist;
				IPHONEOS_DEPLOYMENT_TARGET = 14.0;
				LD_RUNPATH_SEARCH_PATHS = (
					"$(inherited)",
					"@executable_path/Frameworks",
				);
				PRODUCT_BUNDLE_IDENTIFIER = com.trueddns.homenano.todolist;
				PRODUCT_NAME = "$(TARGET_NAME)";
				SWIFT_VERSION = 5.0;
				TARGETED_DEVICE_FAMILY = "1,2";
			};
			name = Debug;
		};
		CDAADC5B26DB40A200774C44 /* Release */ = {
			isa = XCBuildConfiguration;
			buildSettings = {
				ASSETCATALOG_COMPILER_APPICON_NAME = AppIcon;
				ASSETCATALOG_COMPILER_GLOBAL_ACCENT_COLOR_NAME = AccentColor;
				CODE_SIGN_ENTITLEMENTS = TodoList/TodoList.entitlements;
				CODE_SIGN_STYLE = Automatic;
				DEVELOPMENT_ASSET_PATHS = "\"TodoList/Preview Content\"";
				DEVELOPMENT_TEAM = 693P93E2N6;
				ENABLE_PREVIEWS = YES;
				INFOPLIST_FILE = TodoList/Info.plist;
				IPHONEOS_DEPLOYMENT_TARGET = 14.0;
				LD_RUNPATH_SEARCH_PATHS = (
					"$(inherited)",
					"@executable_path/Frameworks",
				);
				PRODUCT_BUNDLE_IDENTIFIER = com.trueddns.homenano.todolist;
				PRODUCT_NAME = "$(TARGET_NAME)";
				SWIFT_VERSION = 5.0;
				TARGETED_DEVICE_FAMILY = "1,2";
			};
			name = Release;
		};
/* End XCBuildConfiguration section */

/* Begin XCConfigurationList section */
		CDAADC4526DB40A000774C44 /* Build configuration list for PBXProject "TodoList" */ = {
			isa = XCConfigurationList;
			buildConfigurations = (
				CDAADC5726DB40A200774C44 /* Debug */,
				CDAADC5826DB40A200774C44 /* Release */,
			);
			defaultConfigurationIsVisible = 0;
			defaultConfigurationName = Release;
		};
		CDAADC5926DB40A200774C44 /* Build configuration list for PBXNativeTarget "TodoList" */ = {
			isa = XCConfigurationList;
			buildConfigurations = (
				CDAADC5A26DB40A200774C44 /* Debug */,
				CDAADC5B26DB40A200774C44 /* Release */,
			);
			defaultConfigurationIsVisible = 0;
			defaultConfigurationName = Release;
		};
/* End XCConfigurationList section */

/* Begin XCVersionGroup section */
		CDAADC6026DB418600774C44 /* TodoList.xcdatamodeld */ = {
			isa = XCVersionGroup;
			children = (
				CDAADC6126DB418600774C44 /* TodoList.xcdatamodel */,
			);
			currentVersion = CDAADC6126DB418600774C44 /* TodoList.xcdatamodel */;
			path = TodoList.xcdatamodeld;
			sourceTree = "<group>";
			versionGroupType = wrapper.xcdatamodel;
		};
/* End XCVersionGroup section */
	};
	rootObject = CDAADC4226DB40A000774C44 /* Project object */;
}
